
Microsoft Visual Studio Solution File, Format Version 12.00
Project("{FAE04EC0-301F-11D3-BF4B-00C04F79EFBC}") = "API", "API\API.csproj", "{9D28B65A-6DF3-418E-B600-435DEC9B5C0B}"
EndProject
Project("{FAE04EC0-301F-11D3-BF4B-00C04F79EFBC}") = "Domain", "Domain\Domain.csproj", "{BEC3991E-9A92-40CF-9B2E-A7E378D5FA33}"
EndProject
Project("{FAE04EC0-301F-11D3-BF4B-00C04F79EFBC}") = "Application", "Application\Application.csproj", "{9C9977EF-9AE2-4754-ACA7-B3FFA0C7FD91}"
EndProject
Project("{FAE04EC0-301F-11D3-BF4B-00C04F79EFBC}") = "Infrastructure", "Infrastructure\Infrastructure.csproj", "{E30DB7F6-B777-4B11-983E-B2A1970B403F}"
EndProject
Global
	GlobalSection(SolutionConfigurationPlatforms) = preSolution
		Debug|Any CPU = Debug|Any CPU
		Release|Any CPU = Release|Any CPU
	EndGlobalSection
	GlobalSection(ProjectConfigurationPlatforms) = postSolution
		{9D28B65A-6DF3-418E-B600-435DEC9B5C0B}.Debug|Any CPU.ActiveCfg = Debug|Any CPU
		{9D28B65A-6DF3-418E-B600-435DEC9B5C0B}.Debug|Any CPU.Build.0 = Debug|Any CPU
		{9D28B65A-6DF3-418E-B600-435DEC9B5C0B}.Release|Any CPU.ActiveCfg = Release|Any CPU
		{9D28B65A-6DF3-418E-B600-435DEC9B5C0B}.Release|Any CPU.Build.0 = Release|Any CPU
		{BEC3991E-9A92-40CF-9B2E-A7E378D5FA33}.Debug|Any CPU.ActiveCfg = Debug|Any CPU
		{BEC3991E-9A92-40CF-9B2E-A7E378D5FA33}.Debug|Any CPU.Build.0 = Debug|Any CPU
		{BEC3991E-9A92-40CF-9B2E-A7E378D5FA33}.Release|Any CPU.ActiveCfg = Release|Any CPU
		{BEC3991E-9A92-40CF-9B2E-A7E378D5FA33}.Release|Any CPU.Build.0 = Release|Any CPU
		{9C9977EF-9AE2-4754-ACA7-B3FFA0C7FD91}.Debug|Any CPU.ActiveCfg = Debug|Any CPU
		{9C9977EF-9AE2-4754-ACA7-B3FFA0C7FD91}.Debug|Any CPU.Build.0 = Debug|Any CPU
		{9C9977EF-9AE2-4754-ACA7-B3FFA0C7FD91}.Release|Any CPU.ActiveCfg = Release|Any CPU
		{9C9977EF-9AE2-4754-ACA7-B3FFA0C7FD91}.Release|Any CPU.Build.0 = Release|Any CPU
		{E30DB7F6-B777-4B11-983E-B2A1970B403F}.Debug|Any CPU.ActiveCfg = Debug|Any CPU
		{E30DB7F6-B777-4B11-983E-B2A1970B403F}.Debug|Any CPU.Build.0 = Debug|Any CPU
		{E30DB7F6-B777-4B11-983E-B2A1970B403F}.Release|Any CPU.ActiveCfg = Release|Any CPU
		{E30DB7F6-B777-4B11-983E-B2A1970B403F}.Release|Any CPU.Build.0 = Release|Any CPU
	EndGlobalSection
EndGlobal
